// !$*UTF8*$!
{
	archiveVersion = 1;
	classes = {
	};
	objectVersion = 46;
	objects = {

/* Begin PBXBuildFile section */
		045655471E906FB700C15163 /* SearchViewController.swift in Sources */ = {isa = PBXBuildFile; fileRef = 045655461E906FB700C15163 /* SearchViewController.swift */; };
		045655491E90722400C15163 /* BookTableViewCell.swift in Sources */ = {isa = PBXBuildFile; fileRef = 045655481E90722400C15163 /* BookTableViewCell.swift */; };
		045F981B1E905B5700C38C64 /* BookCollectionViewCell.swift in Sources */ = {isa = PBXBuildFile; fileRef = 045F981A1E905B5700C38C64 /* BookCollectionViewCell.swift */; };
		047CEAB81E901A1100B14BD0 /* MainViewController.swift in Sources */ = {isa = PBXBuildFile; fileRef = 047CEAB71E901A1100B14BD0 /* MainViewController.swift */; };
		047CEABA1E901A2200B14BD0 /* ConnectionHandler.swift in Sources */ = {isa = PBXBuildFile; fileRef = 047CEAB91E901A2200B14BD0 /* ConnectionHandler.swift */; };
		047CEABC1E9025C000B14BD0 /* BookConstants.swift in Sources */ = {isa = PBXBuildFile; fileRef = 047CEABB1E9025C000B14BD0 /* BookConstants.swift */; };
		04F3C54A1E90F1C000600A71 /* LoginViewController.swift in Sources */ = {isa = PBXBuildFile; fileRef = 04F3C5491E90F1C000600A71 /* LoginViewController.swift */; };
		04F3C54C1E9105AD00600A71 /* BookDetailViewController.swift in Sources */ = {isa = PBXBuildFile; fileRef = 04F3C54B1E9105AD00600A71 /* BookDetailViewController.swift */; };
		46553178D2DE406C44FC6D35 /* Pods_BookHack.framework in Frameworks */ = {isa = PBXBuildFile; fileRef = 988D55E7A4A1413F0D29062D /* Pods_BookHack.framework */; };
		9C35A4B41DE4EF8000650581 /* SafariServices.framework in Frameworks */ = {isa = PBXBuildFile; fileRef = 9C35A4B31DE4EF8000650581 /* SafariServices.framework */; };
		9C35A4B61DE4EF8500650581 /* Security.framework in Frameworks */ = {isa = PBXBuildFile; fileRef = 9C35A4B51DE4EF8500650581 /* Security.framework */; };
		9CA121761DAC7FFD000C2FCA /* WebKit.framework in Frameworks */ = {isa = PBXBuildFile; fileRef = 9CA121751DAC7FFD000C2FCA /* WebKit.framework */; };
		A2BD20971AC8A731007F7181 /* QSTodoDataModel.xcdatamodeld in Sources */ = {isa = PBXBuildFile; fileRef = A2BD20951AC8A731007F7181 /* QSTodoDataModel.xcdatamodeld */; };
		A2D9CBC41943C2540017F096 /* AppDelegate.swift in Sources */ = {isa = PBXBuildFile; fileRef = A2D9CBC31943C2540017F096 /* AppDelegate.swift */; };
		A2D9CBCC1943C2540017F096 /* Main.storyboard in Resources */ = {isa = PBXBuildFile; fileRef = A2D9CBCA1943C2540017F096 /* Main.storyboard */; };
		A2D9CBCE1943C2540017F096 /* Images.xcassets in Resources */ = {isa = PBXBuildFile; fileRef = A2D9CBCD1943C2540017F096 /* Images.xcassets */; };
		A31A89F71BF3FDFA00C7B656 /* Launch Screen.storyboard in Resources */ = {isa = PBXBuildFile; fileRef = A31A89F61BF3FDFA00C7B656 /* Launch Screen.storyboard */; };
		DBA1A1C61E902B8F00316587 /* AZSClient.framework in Frameworks */ = {isa = PBXBuildFile; fileRef = DBA1A1C51E902B8F00316587 /* AZSClient.framework */; };
		DBA1A1C81E9030CF00316587 /* libxml2.2.tbd in Frameworks */ = {isa = PBXBuildFile; fileRef = DBA1A1C71E9030CF00316587 /* libxml2.2.tbd */; };
		DBA1A1CA1E9034C900316587 /* MicrosoftAzureMobile.framework in Frameworks */ = {isa = PBXBuildFile; fileRef = DBA1A1C91E9034C900316587 /* MicrosoftAzureMobile.framework */; };
		DBA1A1CC1E903F7200316587 /* PostViewController.swift in Sources */ = {isa = PBXBuildFile; fileRef = DBA1A1CB1E903F7200316587 /* PostViewController.swift */; };
		DBE758D61E909E8D0079E324 /* MapViewController.swift in Sources */ = {isa = PBXBuildFile; fileRef = DBE758D51E909E8D0079E324 /* MapViewController.swift */; };
/* End PBXBuildFile section */

/* Begin PBXFileReference section */
		045655461E906FB700C15163 /* SearchViewController.swift */ = {isa = PBXFileReference; fileEncoding = 4; lastKnownFileType = sourcecode.swift; path = SearchViewController.swift; sourceTree = "<group>"; };
		045655481E90722400C15163 /* BookTableViewCell.swift */ = {isa = PBXFileReference; fileEncoding = 4; lastKnownFileType = sourcecode.swift; path = BookTableViewCell.swift; sourceTree = "<group>"; };
		045F981A1E905B5700C38C64 /* BookCollectionViewCell.swift */ = {isa = PBXFileReference; fileEncoding = 4; lastKnownFileType = sourcecode.swift; path = BookCollectionViewCell.swift; sourceTree = "<group>"; };
		047CEAB71E901A1100B14BD0 /* MainViewController.swift */ = {isa = PBXFileReference; fileEncoding = 4; lastKnownFileType = sourcecode.swift; path = MainViewController.swift; sourceTree = "<group>"; };
		047CEAB91E901A2200B14BD0 /* ConnectionHandler.swift */ = {isa = PBXFileReference; fileEncoding = 4; lastKnownFileType = sourcecode.swift; path = ConnectionHandler.swift; sourceTree = "<group>"; };
		047CEABB1E9025C000B14BD0 /* BookConstants.swift */ = {isa = PBXFileReference; fileEncoding = 4; lastKnownFileType = sourcecode.swift; path = BookConstants.swift; sourceTree = "<group>"; };
		04F3C5491E90F1C000600A71 /* LoginViewController.swift */ = {isa = PBXFileReference; fileEncoding = 4; lastKnownFileType = sourcecode.swift; path = LoginViewController.swift; sourceTree = "<group>"; };
		04F3C54B1E9105AD00600A71 /* BookDetailViewController.swift */ = {isa = PBXFileReference; fileEncoding = 4; lastKnownFileType = sourcecode.swift; path = BookDetailViewController.swift; sourceTree = "<group>"; };
		988D55E7A4A1413F0D29062D /* Pods_BookHack.framework */ = {isa = PBXFileReference; explicitFileType = wrapper.framework; includeInIndex = 0; path = Pods_BookHack.framework; sourceTree = BUILT_PRODUCTS_DIR; };
		9C35A4B31DE4EF8000650581 /* SafariServices.framework */ = {isa = PBXFileReference; lastKnownFileType = wrapper.framework; name = SafariServices.framework; path = System/Library/Frameworks/SafariServices.framework; sourceTree = SDKROOT; };
		9C35A4B51DE4EF8500650581 /* Security.framework */ = {isa = PBXFileReference; lastKnownFileType = wrapper.framework; name = Security.framework; path = System/Library/Frameworks/Security.framework; sourceTree = SDKROOT; };
		9CA121751DAC7FFD000C2FCA /* WebKit.framework */ = {isa = PBXFileReference; lastKnownFileType = wrapper.framework; name = WebKit.framework; path = System/Library/Frameworks/WebKit.framework; sourceTree = SDKROOT; };
		A2BD20961AC8A731007F7181 /* QSTodoDataModel.xcdatamodel */ = {isa = PBXFileReference; lastKnownFileType = wrapper.xcdatamodel; path = QSTodoDataModel.xcdatamodel; sourceTree = "<group>"; };
		A2D9CBBE1943C2540017F096 /* BookHack.app */ = {isa = PBXFileReference; explicitFileType = wrapper.application; includeInIndex = 0; path = BookHack.app; sourceTree = BUILT_PRODUCTS_DIR; };
		A2D9CBC21943C2540017F096 /* Info.plist */ = {isa = PBXFileReference; lastKnownFileType = text.plist.xml; path = Info.plist; sourceTree = "<group>"; };
		A2D9CBC31943C2540017F096 /* AppDelegate.swift */ = {isa = PBXFileReference; lastKnownFileType = sourcecode.swift; path = AppDelegate.swift; sourceTree = "<group>"; };
		A2D9CBCB1943C2540017F096 /* Base */ = {isa = PBXFileReference; lastKnownFileType = file.storyboard; name = Base; path = Base.lproj/Main.storyboard; sourceTree = "<group>"; };
		A2D9CBCD1943C2540017F096 /* Images.xcassets */ = {isa = PBXFileReference; lastKnownFileType = folder.assetcatalog; path = Images.xcassets; sourceTree = "<group>"; };
		A2D9CBE81943D1340017F096 /* BookHack-Bridging-Header.h */ = {isa = PBXFileReference; lastKnownFileType = sourcecode.c.h; path = "BookHack-Bridging-Header.h"; sourceTree = "<group>"; };
		A31A89F61BF3FDFA00C7B656 /* Launch Screen.storyboard */ = {isa = PBXFileReference; fileEncoding = 4; lastKnownFileType = file.storyboard; path = "Launch Screen.storyboard"; sourceTree = "<group>"; };
		D3A5E11C074C84DBD7067E20 /* Pods-BookHack.debug.xcconfig */ = {isa = PBXFileReference; includeInIndex = 1; lastKnownFileType = text.xcconfig; name = "Pods-BookHack.debug.xcconfig"; path = "Pods/Target Support Files/Pods-BookHack/Pods-BookHack.debug.xcconfig"; sourceTree = "<group>"; };
		DBA1A1C51E902B8F00316587 /* AZSClient.framework */ = {isa = PBXFileReference; lastKnownFileType = wrapper.framework; name = AZSClient.framework; path = BookHack/AZSClient.framework; sourceTree = "<group>"; };
		DBA1A1C71E9030CF00316587 /* libxml2.2.tbd */ = {isa = PBXFileReference; lastKnownFileType = "sourcecode.text-based-dylib-definition"; name = libxml2.2.tbd; path = usr/lib/libxml2.2.tbd; sourceTree = SDKROOT; };
		DBA1A1C91E9034C900316587 /* MicrosoftAzureMobile.framework */ = {isa = PBXFileReference; lastKnownFileType = wrapper.framework; name = MicrosoftAzureMobile.framework; path = BookHack/MicrosoftAzureMobile.framework; sourceTree = "<group>"; };
		DBA1A1CB1E903F7200316587 /* PostViewController.swift */ = {isa = PBXFileReference; fileEncoding = 4; lastKnownFileType = sourcecode.swift; path = PostViewController.swift; sourceTree = "<group>"; };
		DBE758D51E909E8D0079E324 /* MapViewController.swift */ = {isa = PBXFileReference; fileEncoding = 4; lastKnownFileType = sourcecode.swift; path = MapViewController.swift; sourceTree = "<group>"; };
		FF910F192A6590F505F9536C /* Pods-BookHack.release.xcconfig */ = {isa = PBXFileReference; includeInIndex = 1; lastKnownFileType = text.xcconfig; name = "Pods-BookHack.release.xcconfig"; path = "Pods/Target Support Files/Pods-BookHack/Pods-BookHack.release.xcconfig"; sourceTree = "<group>"; };
/* End PBXFileReference section */

/* Begin PBXFrameworksBuildPhase section */
		A2D9CBBB1943C2540017F096 /* Frameworks */ = {
			isa = PBXFrameworksBuildPhase;
			buildActionMask = 2147483647;
			files = (
				DBA1A1C81E9030CF00316587 /* libxml2.2.tbd in Frameworks */,
				DBA1A1CA1E9034C900316587 /* MicrosoftAzureMobile.framework in Frameworks */,
				9C35A4B61DE4EF8500650581 /* Security.framework in Frameworks */,
				DBA1A1C61E902B8F00316587 /* AZSClient.framework in Frameworks */,
				9C35A4B41DE4EF8000650581 /* SafariServices.framework in Frameworks */,
				9CA121761DAC7FFD000C2FCA /* WebKit.framework in Frameworks */,
				46553178D2DE406C44FC6D35 /* Pods_BookHack.framework in Frameworks */,
			);
			runOnlyForDeploymentPostprocessing = 0;
		};
/* End PBXFrameworksBuildPhase section */

/* Begin PBXGroup section */
		9CA121741DAC7FFD000C2FCA /* Frameworks */ = {
			isa = PBXGroup;
			children = (
				DBA1A1C71E9030CF00316587 /* libxml2.2.tbd */,
				DBA1A1C91E9034C900316587 /* MicrosoftAzureMobile.framework */,
				DBA1A1C51E902B8F00316587 /* AZSClient.framework */,
				9C35A4B51DE4EF8500650581 /* Security.framework */,
				9C35A4B31DE4EF8000650581 /* SafariServices.framework */,
				9CA121751DAC7FFD000C2FCA /* WebKit.framework */,
				988D55E7A4A1413F0D29062D /* Pods_BookHack.framework */,
			);
			name = Frameworks;
			sourceTree = "<group>";
		};
		A2D9CBB51943C2540017F096 = {
			isa = PBXGroup;
			children = (
				A2D9CBC01943C2540017F096 /* BookHack */,
				A2D9CBBF1943C2540017F096 /* Products */,
				9CA121741DAC7FFD000C2FCA /* Frameworks */,
				B6A4963A7AC0E241BB3A5BB7 /* Pods */,
			);
			sourceTree = "<group>";
		};
		A2D9CBBF1943C2540017F096 /* Products */ = {
			isa = PBXGroup;
			children = (
				A2D9CBBE1943C2540017F096 /* BookHack.app */,
			);
			name = Products;
			sourceTree = "<group>";
		};
		A2D9CBC01943C2540017F096 /* BookHack */ = {
			isa = PBXGroup;
			children = (
				A2D9CBC31943C2540017F096 /* AppDelegate.swift */,
				A2D9CBCA1943C2540017F096 /* Main.storyboard */,
				04F3C54B1E9105AD00600A71 /* BookDetailViewController.swift */,
				04F3C5491E90F1C000600A71 /* LoginViewController.swift */,
				DBE758D51E909E8D0079E324 /* MapViewController.swift */,
				045655481E90722400C15163 /* BookTableViewCell.swift */,
				045F981A1E905B5700C38C64 /* BookCollectionViewCell.swift */,
				A2D9CBCD1943C2540017F096 /* Images.xcassets */,
				047CEAB71E901A1100B14BD0 /* MainViewController.swift */,
				047CEAB91E901A2200B14BD0 /* ConnectionHandler.swift */,
				045655461E906FB700C15163 /* SearchViewController.swift */,
				047CEABB1E9025C000B14BD0 /* BookConstants.swift */,
				DBA1A1CB1E903F7200316587 /* PostViewController.swift */,
				A2D9CBC11943C2540017F096 /* Supporting Files */,
				A31A89F61BF3FDFA00C7B656 /* Launch Screen.storyboard */,
			);
			path = BookHack;
			sourceTree = "<group>";
		};
		A2D9CBC11943C2540017F096 /* Supporting Files */ = {
			isa = PBXGroup;
			children = (
				A2BD20951AC8A731007F7181 /* QSTodoDataModel.xcdatamodeld */,
				A2D9CBE81943D1340017F096 /* BookHack-Bridging-Header.h */,
				A2D9CBC21943C2540017F096 /* Info.plist */,
			);
			name = "Supporting Files";
			sourceTree = "<group>";
		};
		B6A4963A7AC0E241BB3A5BB7 /* Pods */ = {
			isa = PBXGroup;
			children = (
				D3A5E11C074C84DBD7067E20 /* Pods-BookHack.debug.xcconfig */,
				FF910F192A6590F505F9536C /* Pods-BookHack.release.xcconfig */,
			);
			name = Pods;
			sourceTree = "<group>";
		};
/* End PBXGroup section */

/* Begin PBXNativeTarget section */
		A2D9CBBD1943C2540017F096 /* BookHack */ = {
			isa = PBXNativeTarget;
			buildConfigurationList = A2D9CBDD1943C2540017F096 /* Build configuration list for PBXNativeTarget "BookHack" */;
			buildPhases = (
				FD4C18E6793D9B786888190F /* [CP] Check Pods Manifest.lock */,
				A2D9CBBA1943C2540017F096 /* Sources */,
				A2D9CBBB1943C2540017F096 /* Frameworks */,
				A2D9CBBC1943C2540017F096 /* Resources */,
				7A286C64CC6CF44B1F93AE1D /* [CP] Embed Pods Frameworks */,
				206876224D28D194B3748432 /* [CP] Copy Pods Resources */,
			);
			buildRules = (
			);
			dependencies = (
			);
			name = BookHack;
			productName = BookHack;
			productReference = A2D9CBBE1943C2540017F096 /* BookHack.app */;
			productType = "com.apple.product-type.application";
		};
/* End PBXNativeTarget section */

/* Begin PBXProject section */
		A2D9CBB61943C2540017F096 /* Project object */ = {
			isa = PBXProject;
			attributes = {
				LastSwiftMigration = 0700;
				LastSwiftUpdateCheck = 0700;
				LastUpgradeCheck = 0800;
				ORGANIZATIONNAME = Microsoft;
				TargetAttributes = {
					A2D9CBBD1943C2540017F096 = {
						CreatedOnToolsVersion = 6.0;
						DevelopmentTeam = 86QLR2USUV;
						LastSwiftMigration = 0820;
					};
				};
			};
			buildConfigurationList = A2D9CBB91943C2540017F096 /* Build configuration list for PBXProject "BookHack" */;
			compatibilityVersion = "Xcode 3.2";
			developmentRegion = English;
			hasScannedForEncodings = 0;
			knownRegions = (
				en,
				Base,
			);
			mainGroup = A2D9CBB51943C2540017F096;
			productRefGroup = A2D9CBBF1943C2540017F096 /* Products */;
			projectDirPath = "";
			projectRoot = "";
			targets = (
				A2D9CBBD1943C2540017F096 /* BookHack */,
			);
		};
/* End PBXProject section */

/* Begin PBXResourcesBuildPhase section */
		A2D9CBBC1943C2540017F096 /* Resources */ = {
			isa = PBXResourcesBuildPhase;
			buildActionMask = 2147483647;
			files = (
				A2D9CBCC1943C2540017F096 /* Main.storyboard in Resources */,
				A2D9CBCE1943C2540017F096 /* Images.xcassets in Resources */,
				A31A89F71BF3FDFA00C7B656 /* Launch Screen.storyboard in Resources */,
			);
			runOnlyForDeploymentPostprocessing = 0;
		};
/* End PBXResourcesBuildPhase section */

/* Begin PBXShellScriptBuildPhase section */
		206876224D28D194B3748432 /* [CP] Copy Pods Resources */ = {
			isa = PBXShellScriptBuildPhase;
			buildActionMask = 2147483647;
			files = (
			);
			inputPaths = (
			);
			name = "[CP] Copy Pods Resources";
			outputPaths = (
			);
			runOnlyForDeploymentPostprocessing = 0;
			shellPath = /bin/sh;
			shellScript = "\"${SRCROOT}/Pods/Target Support Files/Pods-BookHack/Pods-BookHack-resources.sh\"\n";
			showEnvVarsInLog = 0;
		};
		7A286C64CC6CF44B1F93AE1D /* [CP] Embed Pods Frameworks */ = {
			isa = PBXShellScriptBuildPhase;
			buildActionMask = 2147483647;
			files = (
			);
			inputPaths = (
			);
			name = "[CP] Embed Pods Frameworks";
			outputPaths = (
			);
			runOnlyForDeploymentPostprocessing = 0;
			shellPath = /bin/sh;
			shellScript = "\"${SRCROOT}/Pods/Target Support Files/Pods-BookHack/Pods-BookHack-frameworks.sh\"\n";
			showEnvVarsInLog = 0;
		};
		FD4C18E6793D9B786888190F /* [CP] Check Pods Manifest.lock */ = {
			isa = PBXShellScriptBuildPhase;
			buildActionMask = 2147483647;
			files = (
			);
			inputPaths = (
			);
			name = "[CP] Check Pods Manifest.lock";
			outputPaths = (
			);
			runOnlyForDeploymentPostprocessing = 0;
			shellPath = /bin/sh;
			shellScript = "diff \"${PODS_ROOT}/../Podfile.lock\" \"${PODS_ROOT}/Manifest.lock\" > /dev/null\nif [ $? != 0 ] ; then\n    # print error to STDERR\n    echo \"error: The sandbox is not in sync with the Podfile.lock. Run 'pod install' or update your CocoaPods installation.\" >&2\n    exit 1\nfi\n";
			showEnvVarsInLog = 0;
		};
/* End PBXShellScriptBuildPhase section */

/* Begin PBXSourcesBuildPhase section */
		A2D9CBBA1943C2540017F096 /* Sources */ = {
			isa = PBXSourcesBuildPhase;
			buildActionMask = 2147483647;
			files = (
				DBA1A1CC1E903F7200316587 /* PostViewController.swift in Sources */,
				045655471E906FB700C15163 /* SearchViewController.swift in Sources */,
				04F3C54C1E9105AD00600A71 /* BookDetailViewController.swift in Sources */,
				A2BD20971AC8A731007F7181 /* QSTodoDataModel.xcdatamodeld in Sources */,
				045655491E90722400C15163 /* BookTableViewCell.swift in Sources */,
				045F981B1E905B5700C38C64 /* BookCollectionViewCell.swift in Sources */,
				047CEABA1E901A2200B14BD0 /* ConnectionHandler.swift in Sources */,
				DBE758D61E909E8D0079E324 /* MapViewController.swift in Sources */,
				A2D9CBC41943C2540017F096 /* AppDelegate.swift in Sources */,
				047CEAB81E901A1100B14BD0 /* MainViewController.swift in Sources */,
				047CEABC1E9025C000B14BD0 /* BookConstants.swift in Sources */,
				04F3C54A1E90F1C000600A71 /* LoginViewController.swift in Sources */,
			);
			runOnlyForDeploymentPostprocessing = 0;
		};
/* End PBXSourcesBuildPhase section */

/* Begin PBXVariantGroup section */
		A2D9CBCA1943C2540017F096 /* Main.storyboard */ = {
			isa = PBXVariantGroup;
			children = (
				A2D9CBCB1943C2540017F096 /* Base */,
			);
			name = Main.storyboard;
			sourceTree = "<group>";
		};
/* End PBXVariantGroup section */

/* Begin XCBuildConfiguration section */
		A2D9CBDB1943C2540017F096 /* Debug */ = {
			isa = XCBuildConfiguration;
			buildSettings = {
				ALWAYS_SEARCH_USER_PATHS = NO;
				CLANG_CXX_LANGUAGE_STANDARD = "gnu++0x";
				CLANG_CXX_LIBRARY = "libc++";
				CLANG_ENABLE_MODULES = YES;
				CLANG_ENABLE_OBJC_ARC = YES;
				CLANG_WARN_BOOL_CONVERSION = YES;
				CLANG_WARN_CONSTANT_CONVERSION = YES;
				CLANG_WARN_DIRECT_OBJC_ISA_USAGE = YES_ERROR;
				CLANG_WARN_EMPTY_BODY = YES;
				CLANG_WARN_ENUM_CONVERSION = YES;
				CLANG_WARN_INFINITE_RECURSION = YES;
				CLANG_WARN_INT_CONVERSION = YES;
				CLANG_WARN_OBJC_ROOT_CLASS = YES_ERROR;
				CLANG_WARN_SUSPICIOUS_MOVE = YES;
				CLANG_WARN_UNREACHABLE_CODE = YES;
				CLANG_WARN__DUPLICATE_METHOD_MATCH = YES;
				"CODE_SIGN_IDENTITY[sdk=iphoneos*]" = "iPhone Developer";
				COPY_PHASE_STRIP = NO;
				DEBUG_INFORMATION_FORMAT = dwarf;
				ENABLE_STRICT_OBJC_MSGSEND = YES;
				ENABLE_TESTABILITY = YES;
				GCC_C_LANGUAGE_STANDARD = gnu99;
				GCC_DYNAMIC_NO_PIC = NO;
				GCC_NO_COMMON_BLOCKS = YES;
				GCC_OPTIMIZATION_LEVEL = 0;
				GCC_PREPROCESSOR_DEFINITIONS = (
					"DEBUG=1",
					"$(inherited)",
				);
				GCC_SYMBOLS_PRIVATE_EXTERN = NO;
				GCC_WARN_64_TO_32_BIT_CONVERSION = YES;
				GCC_WARN_ABOUT_RETURN_TYPE = YES_ERROR;
				GCC_WARN_UNDECLARED_SELECTOR = YES;
				GCC_WARN_UNINITIALIZED_AUTOS = YES_AGGRESSIVE;
				GCC_WARN_UNUSED_FUNCTION = YES;
				GCC_WARN_UNUSED_VARIABLE = YES;
				IPHONEOS_DEPLOYMENT_TARGET = 9.0;
				METAL_ENABLE_DEBUG_INFO = YES;
				ONLY_ACTIVE_ARCH = YES;
				SDKROOT = iphoneos;
				SWIFT_OPTIMIZATION_LEVEL = "-Onone";
				SWIFT_VERSION = 3.0;
				TARGETED_DEVICE_FAMILY = "1,2";
			};
			name = Debug;
		};
		A2D9CBDC1943C2540017F096 /* Release */ = {
			isa = XCBuildConfiguration;
			buildSettings = {
				ALWAYS_SEARCH_USER_PATHS = NO;
				CLANG_CXX_LANGUAGE_STANDARD = "gnu++0x";
				CLANG_CXX_LIBRARY = "libc++";
				CLANG_ENABLE_MODULES = YES;
				CLANG_ENABLE_OBJC_ARC = YES;
				CLANG_WARN_BOOL_CONVERSION = YES;
				CLANG_WARN_CONSTANT_CONVERSION = YES;
				CLANG_WARN_DIRECT_OBJC_ISA_USAGE = YES_ERROR;
				CLANG_WARN_EMPTY_BODY = YES;
				CLANG_WARN_ENUM_CONVERSION = YES;
				CLANG_WARN_INFINITE_RECURSION = YES;
				CLANG_WARN_INT_CONVERSION = YES;
				CLANG_WARN_OBJC_ROOT_CLASS = YES_ERROR;
				CLANG_WARN_SUSPICIOUS_MOVE = YES;
				CLANG_WARN_UNREACHABLE_CODE = YES;
				CLANG_WARN__DUPLICATE_METHOD_MATCH = YES;
				"CODE_SIGN_IDENTITY[sdk=iphoneos*]" = "iPhone Developer";
				COPY_PHASE_STRIP = YES;
				ENABLE_NS_ASSERTIONS = NO;
				ENABLE_STRICT_OBJC_MSGSEND = YES;
				GCC_C_LANGUAGE_STANDARD = gnu99;
				GCC_NO_COMMON_BLOCKS = YES;
				GCC_WARN_64_TO_32_BIT_CONVERSION = YES;
				GCC_WARN_ABOUT_RETURN_TYPE = YES_ERROR;
				GCC_WARN_UNDECLARED_SELECTOR = YES;
				GCC_WARN_UNINITIALIZED_AUTOS = YES_AGGRESSIVE;
				GCC_WARN_UNUSED_FUNCTION = YES;
				GCC_WARN_UNUSED_VARIABLE = YES;
				IPHONEOS_DEPLOYMENT_TARGET = 9.0;
				METAL_ENABLE_DEBUG_INFO = NO;
				SDKROOT = iphoneos;
				SWIFT_VERSION = 3.0;
				TARGETED_DEVICE_FAMILY = "1,2";
				VALIDATE_PRODUCT = YES;
			};
			name = Release;
		};
		A2D9CBDE1943C2540017F096 /* Debug */ = {
			isa = XCBuildConfiguration;
			baseConfigurationReference = D3A5E11C074C84DBD7067E20 /* Pods-BookHack.debug.xcconfig */;
			buildSettings = {
				ASSETCATALOG_COMPILER_APPICON_NAME = AppIcon;
				CLANG_ENABLE_MODULES = YES;
				DEBUG_INFORMATION_FORMAT = dwarf;
				DEVELOPMENT_TEAM = 86QLR2USUV;
				FRAMEWORK_SEARCH_PATHS = (
					"$(inherited)",
					"$(PROJECT_DIR)",
					"$(PROJECT_DIR)/BookHack",
				);
				INFOPLIST_FILE = BookHack/Info.plist;
				IPHONEOS_DEPLOYMENT_TARGET = 10.0;
				LD_RUNPATH_SEARCH_PATHS = "$(inherited) @executable_path/Frameworks";
				PRODUCT_BUNDLE_IDENTIFIER = "Microsoft.${PRODUCT_NAME:rfc1034identifier}";
				PRODUCT_NAME = "$(TARGET_NAME)";
				SWIFT_OBJC_BRIDGING_HEADER = "BookHack/BookHack-Bridging-Header.h";
				SWIFT_OPTIMIZATION_LEVEL = "-Onone";
				SWIFT_VERSION = 3.0;
			};
			name = Debug;
		};
		A2D9CBDF1943C2540017F096 /* Release */ = {
			isa = XCBuildConfiguration;
			baseConfigurationReference = FF910F192A6590F505F9536C /* Pods-BookHack.release.xcconfig */;
			buildSettings = {
				ASSETCATALOG_COMPILER_APPICON_NAME = AppIcon;
				CLANG_ENABLE_MODULES = YES;
				DEVELOPMENT_TEAM = 86QLR2USUV;
				FRAMEWORK_SEARCH_PATHS = (
					"$(inherited)",
					"$(PROJECT_DIR)",
					"$(PROJECT_DIR)/BookHack",
				);
				INFOPLIST_FILE = BookHack/Info.plist;
				IPHONEOS_DEPLOYMENT_TARGET = 10.0;
				LD_RUNPATH_SEARCH_PATHS = "$(inherited) @executable_path/Frameworks";
				PRODUCT_BUNDLE_IDENTIFIER = "Microsoft.${PRODUCT_NAME:rfc1034identifier}";
				PRODUCT_NAME = "$(TARGET_NAME)";
				SWIFT_OBJC_BRIDGING_HEADER = "BookHack/BookHack-Bridging-Header.h";
				SWIFT_VERSION = 3.0;
			};
			name = Release;
		};
/* End XCBuildConfiguration section */

/* Begin XCConfigurationList section */
		A2D9CBB91943C2540017F096 /* Build configuration list for PBXProject "BookHack" */ = {
			isa = XCConfigurationList;
			buildConfigurations = (
				A2D9CBDB1943C2540017F096 /* Debug */,
				A2D9CBDC1943C2540017F096 /* Release */,
			);
			defaultConfigurationIsVisible = 0;
			defaultConfigurationName = Release;
		};
		A2D9CBDD1943C2540017F096 /* Build configuration list for PBXNativeTarget "BookHack" */ = {
			isa = XCConfigurationList;
			buildConfigurations = (
				A2D9CBDE1943C2540017F096 /* Debug */,
				A2D9CBDF1943C2540017F096 /* Release */,
			);
			defaultConfigurationIsVisible = 0;
			defaultConfigurationName = Release;
		};
/* End XCConfigurationList section */

/* Begin XCVersionGroup section */
		A2BD20951AC8A731007F7181 /* QSTodoDataModel.xcdatamodeld */ = {
			isa = XCVersionGroup;
			children = (
				A2BD20961AC8A731007F7181 /* QSTodoDataModel.xcdatamodel */,
			);
			currentVersion = A2BD20961AC8A731007F7181 /* QSTodoDataModel.xcdatamodel */;
			path = QSTodoDataModel.xcdatamodeld;
			sourceTree = "<group>";
			versionGroupType = wrapper.xcdatamodel;
		};
/* End XCVersionGroup section */
	};
	rootObject = A2D9CBB61943C2540017F096 /* Project object */;
}
